// !$*UTF8*$!
{
	archiveVersion = 1;
	classes = {
	};
	objectVersion = 46;
	objects = {

/* Begin PBXBuildFile section */
		47336F2519D2052500588275 /* AppDelegate.swift in Sources */ = {isa = PBXBuildFile; fileRef = 47336F2419D2052500588275 /* AppDelegate.swift */; };
		47336F2719D2052500588275 /* ViewController.swift in Sources */ = {isa = PBXBuildFile; fileRef = 47336F2619D2052500588275 /* ViewController.swift */; };
		47336F2A19D2052500588275 /* Main.storyboard in Resources */ = {isa = PBXBuildFile; fileRef = 47336F2819D2052500588275 /* Main.storyboard */; };
		47336F2C19D2052500588275 /* Images.xcassets in Resources */ = {isa = PBXBuildFile; fileRef = 47336F2B19D2052500588275 /* Images.xcassets */; };
		47336F2F19D2052500588275 /* LaunchScreen.xib in Resources */ = {isa = PBXBuildFile; fileRef = 47336F2D19D2052500588275 /* LaunchScreen.xib */; };
		47336F3B19D2052500588275 /* Fun_FactsTests.swift in Sources */ = {isa = PBXBuildFile; fileRef = 47336F3A19D2052500588275 /* Fun_FactsTests.swift */; };
/* End PBXBuildFile section */

/* Begin PBXContainerItemProxy section */
		47336F3519D2052500588275 /* PBXContainerItemProxy */ = {
			isa = PBXContainerItemProxy;
			containerPortal = 47336F1719D2052500588275 /* Project object */;
			proxyType = 1;
			remoteGlobalIDString = 47336F1E19D2052500588275;
			remoteInfo = "Fun Facts";
		};
/* End PBXContainerItemProxy section */

/* Begin PBXFileReference section */
		47336F1F19D2052500588275 /* Fun Facts.app */ = {isa = PBXFileReference; explicitFileType = wrapper.application; includeInIndex = 0; path = "Fun Facts.app"; sourceTree = BUILT_PRODUCTS_DIR; };
		47336F2319D2052500588275 /* Info.plist */ = {isa = PBXFileReference; lastKnownFileType = text.plist.xml; path = Info.plist; sourceTree = "<group>"; };
		47336F2419D2052500588275 /* AppDelegate.swift */ = {isa = PBXFileReference; lastKnownFileType = sourcecode.swift; path = AppDelegate.swift; sourceTree = "<group>"; };
		47336F2619D2052500588275 /* ViewController.swift */ = {isa = PBXFileReference; lastKnownFileType = sourcecode.swift; path = ViewController.swift; sourceTree = "<group>"; };
		47336F2919D2052500588275 /* Base */ = {isa = PBXFileReference; lastKnownFileType = file.storyboard; name = Base; path = Base.lproj/Main.storyboard; sourceTree = "<group>"; };
		47336F2B19D2052500588275 /* Images.xcassets */ = {isa = PBXFileReference; lastKnownFileType = folder.assetcatalog; path = Images.xcassets; sourceTree = "<group>"; };
		47336F2E19D2052500588275 /* Base */ = {isa = PBXFileReference; lastKnownFileType = file.xib; name = Base; path = Base.lproj/LaunchScreen.xib; sourceTree = "<group>"; };
		47336F3419D2052500588275 /* Fun FactsTests.xctest */ = {isa = PBXFileReference; explicitFileType = wrapper.cfbundle; includeInIndex = 0; path = "Fun FactsTests.xctest"; sourceTree = BUILT_PRODUCTS_DIR; };
		47336F3919D2052500588275 /* Info.plist */ = {isa = PBXFileReference; lastKnownFileType = text.plist.xml; path = Info.plist; sourceTree = "<group>"; };
		47336F3A19D2052500588275 /* Fun_FactsTests.swift */ = {isa = PBXFileReference; lastKnownFileType = sourcecode.swift; path = Fun_FactsTests.swift; sourceTree = "<group>"; };
/* End PBXFileReference section */

/* Begin PBXFrameworksBuildPhase section */
		47336F1C19D2052500588275 /* Frameworks */ = {
			isa = PBXFrameworksBuildPhase;
			buildActionMask = 2147483647;
			files = (
			);
			runOnlyForDeploymentPostprocessing = 0;
		};
		47336F3119D2052500588275 /* Frameworks */ = {
			isa = PBXFrameworksBuildPhase;
			buildActionMask = 2147483647;
			files = (
			);
			runOnlyForDeploymentPostprocessing = 0;
		};
/* End PBXFrameworksBuildPhase section */

/* Begin PBXGroup section */
		47336F1619D2052500588275 = {
			isa = PBXGroup;
			children = (
				47336F2119D2052500588275 /* Fun Facts */,
				47336F3719D2052500588275 /* Fun FactsTests */,
				47336F2019D2052500588275 /* Products */,
			);
			sourceTree = "<group>";
		};
		47336F2019D2052500588275 /* Products */ = {
			isa = PBXGroup;
			children = (
				47336F1F19D2052500588275 /* Fun Facts.app */,
				47336F3419D2052500588275 /* Fun FactsTests.xctest */,
			);
			name = Products;
			sourceTree = "<group>";
		};
		47336F2119D2052500588275 /* Fun Facts */ = {
			isa = PBXGroup;
			children = (
				47336F2419D2052500588275 /* AppDelegate.swift */,
				47336F2619D2052500588275 /* ViewController.swift */,
				47336F2819D2052500588275 /* Main.storyboard */,
				47336F2B19D2052500588275 /* Images.xcassets */,
				47336F2D19D2052500588275 /* LaunchScreen.xib */,
				47336F2219D2052500588275 /* Supporting Files */,
			);
			path = "Fun Facts";
			sourceTree = "<group>";
		};
		47336F2219D2052500588275 /* Supporting Files */ = {
			isa = PBXGroup;
			children = (
				47336F2319D2052500588275 /* Info.plist */,
			);
			name = "Supporting Files";
			sourceTree = "<group>";
		};
		47336F3719D2052500588275 /* Fun FactsTests */ = {
			isa = PBXGroup;
			children = (
				47336F3A19D2052500588275 /* Fun_FactsTests.swift */,
				47336F3819D2052500588275 /* Supporting Files */,
			);
			path = "Fun FactsTests";
			sourceTree = "<group>";
		};
		47336F3819D2052500588275 /* Supporting Files */ = {
			isa = PBXGroup;
			children = (
				47336F3919D2052500588275 /* Info.plist */,
			);
			name = "Supporting Files";
			sourceTree = "<group>";
		};
/* End PBXGroup section */

/* Begin PBXNativeTarget section */
		47336F1E19D2052500588275 /* Fun Facts */ = {
			isa = PBXNativeTarget;
			buildConfigurationList = 47336F3E19D2052500588275 /* Build configuration list for PBXNativeTarget "Fun Facts" */;
			buildPhases = (
				47336F1B19D2052500588275 /* Sources */,
				47336F1C19D2052500588275 /* Frameworks */,
				47336F1D19D2052500588275 /* Resources */,
			);
			buildRules = (
			);
			dependencies = (
			);
			name = "Fun Facts";
			productName = "Fun Facts";
			productReference = 47336F1F19D2052500588275 /* Fun Facts.app */;
			productType = "com.apple.product-type.application";
		};
		47336F3319D2052500588275 /* Fun FactsTests */ = {
			isa = PBXNativeTarget;
			buildConfigurationList = 47336F4119D2052500588275 /* Build configuration list for PBXNativeTarget "Fun FactsTests" */;
			buildPhases = (
				47336F3019D2052500588275 /* Sources */,
				47336F3119D2052500588275 /* Frameworks */,
				47336F3219D2052500588275 /* Resources */,
			);
			buildRules = (
			);
			dependencies = (
				47336F3619D2052500588275 /* PBXTargetDependency */,
			);
			name = "Fun FactsTests";
			productName = "Fun FactsTests";
			productReference = 47336F3419D2052500588275 /* Fun FactsTests.xctest */;
			productType = "com.apple.product-type.bundle.unit-test";
		};
/* End PBXNativeTarget section */

/* Begin PBXProject section */
		47336F1719D2052500588275 /* Project object */ = {
			isa = PBXProject;
			attributes = {
				LastUpgradeCheck = 0600;
				ORGANIZATIONNAME = LeetApps;
				TargetAttributes = {
					47336F1E19D2052500588275 = {
						CreatedOnToolsVersion = 6.0.1;
					};
					47336F3319D2052500588275 = {
						CreatedOnToolsVersion = 6.0.1;
						TestTargetID = 47336F1E19D2052500588275;
					};
				};
			};
			buildConfigurationList = 47336F1A19D2052500588275 /* Build configuration list for PBXProject "Fun Facts" */;
			compatibilityVersion = "Xcode 3.2";
			developmentRegion = English;
			hasScannedForEncodings = 0;
			knownRegions = (
				en,
				Base,
			);
			mainGroup = 47336F1619D2052500588275;
			productRefGroup = 47336F2019D2052500588275 /* Products */;
			projectDirPath = "";
			projectRoot = "";
			targets = (
				47336F1E19D2052500588275 /* Fun Facts */,
				47336F3319D2052500588275 /* Fun FactsTests */,
			);
		};
/* End PBXProject section */

/* Begin PBXResourcesBuildPhase section */
		47336F1D19D2052500588275 /* Resources */ = {
			isa = PBXResourcesBuildPhase;
			buildActionMask = 2147483647;
			files = (
				47336F2A19D2052500588275 /* Main.storyboard in Resources */,
				47336F2F19D2052500588275 /* LaunchScreen.xib in Resources */,
				47336F2C19D2052500588275 /* Images.xcassets in Resources */,
			);
			runOnlyForDeploymentPostprocessing = 0;
		};
		47336F3219D2052500588275 /* Resources */ = {
			isa = PBXResourcesBuildPhase;
			buildActionMask = 2147483647;
			files = (
			);
			runOnlyForDeploymentPostprocessing = 0;
		};
/* End PBXResourcesBuildPhase section */

/* Begin PBXSourcesBuildPhase section */
		47336F1B19D2052500588275 /* Sources */ = {
			isa = PBXSourcesBuildPhase;
			buildActionMask = 2147483647;
			files = (
				47336F2719D2052500588275 /* ViewController.swift in Sources */,
				47336F2519D2052500588275 /* AppDelegate.swift in Sources */,
			);
			runOnlyForDeploymentPostprocessing = 0;
		};
		47336F3019D2052500588275 /* Sources */ = {
			isa = PBXSourcesBuildPhase;
			buildActionMask = 2147483647;
			files = (
				47336F3B19D2052500588275 /* Fun_FactsTests.swift in Sources */,
			);
			runOnlyForDeploymentPostprocessing = 0;
		};
/* End PBXSourcesBuildPhase section */

/* Begin PBXTargetDependency section */
		47336F3619D2052500588275 /* PBXTargetDependency */ = {
			isa = PBXTargetDependency;
			target = 47336F1E19D2052500588275 /* Fun Facts */;
			targetProxy = 47336F3519D2052500588275 /* PBXContainerItemProxy */;
		};
/* End PBXTargetDependency section */

/* Begin PBXVariantGroup section */
		47336F2819D2052500588275 /* Main.storyboard */ = {
			isa = PBXVariantGroup;
			children = (
				47336F2919D2052500588275 /* Base */,
			);
			name = Main.storyboard;
			sourceTree = "<group>";
		};
		47336F2D19D2052500588275 /* LaunchScreen.xib */ = {
			isa = PBXVariantGroup;
			children = (
				47336F2E19D2052500588275 /* Base */,
			);
			name = LaunchScreen.xib;
			sourceTree = "<group>";
		};
/* End PBXVariantGroup section */

/* Begin XCBuildConfiguration section */
		47336F3C19D2052500588275 /* Debug */ = {
			isa = XCBuildConfiguration;
			buildSettings = {
				ALWAYS_SEARCH_USER_PATHS = NO;
				CLANG_CXX_LANGUAGE_STANDARD = "gnu++0x";
				CLANG_CXX_LIBRARY = "libc++";
				CLANG_ENABLE_MODULES = YES;
				CLANG_ENABLE_OBJC_ARC = YES;
				CLANG_WARN_BOOL_CONVERSION = YES;
				CLANG_WARN_CONSTANT_CONVERSION = YES;
				CLANG_WARN_DIRECT_OBJC_ISA_USAGE = YES_ERROR;
				CLANG_WARN_EMPTY_BODY = YES;
				CLANG_WARN_ENUM_CONVERSION = YES;
				CLANG_WARN_INT_CONVERSION = YES;
				CLANG_WARN_OBJC_ROOT_CLASS = YES_ERROR;
				CLANG_WARN_UNREACHABLE_CODE = YES;
				CLANG_WARN__DUPLICATE_METHOD_MATCH = YES;
				"CODE_SIGN_IDENTITY[sdk=iphoneos*]" = "iPhone Developer";
				COPY_PHASE_STRIP = NO;
				ENABLE_STRICT_OBJC_MSGSEND = YES;
				GCC_C_LANGUAGE_STANDARD = gnu99;
				GCC_DYNAMIC_NO_PIC = NO;
				GCC_OPTIMIZATION_LEVEL = 0;
				GCC_PREPROCESSOR_DEFINITIONS = (
					"DEBUG=1",
					"$(inherited)",
				);
				GCC_SYMBOLS_PRIVATE_EXTERN = NO;
				GCC_WARN_64_TO_32_BIT_CONVERSION = YES;
				GCC_WARN_ABOUT_RETURN_TYPE = YES_ERROR;
				GCC_WARN_UNDECLARED_SELECTOR = YES;
				GCC_WARN_UNINITIALIZED_AUTOS = YES_AGGRESSIVE;
				GCC_WARN_UNUSED_FUNCTION = YES;
				GCC_WARN_UNUSED_VARIABLE = YES;
				IPHONEOS_DEPLOYMENT_TARGET = 8.0;
				MTL_ENABLE_DEBUG_INFO = YES;
				ONLY_ACTIVE_ARCH = YES;
				SDKROOT = iphoneos;
				SWIFT_OPTIMIZATION_LEVEL = "-Onone";
			};
			name = Debug;
		};
		47336F3D19D2052500588275 /* Release */ = {
			isa = XCBuildConfiguration;
			buildSettings = {
				ALWAYS_SEARCH_USER_PATHS = NO;
				CLANG_CXX_LANGUAGE_STANDARD = "gnu++0x";
				CLANG_CXX_LIBRARY = "libc++";
				CLANG_ENABLE_MODULES = YES;
				CLANG_ENABLE_OBJC_ARC = YES;
				CLANG_WARN_BOOL_CONVERSION = YES;
				CLANG_WARN_CONSTANT_CONVERSION = YES;
				CLANG_WARN_DIRECT_OBJC_ISA_USAGE = YES_ERROR;
				CLANG_WARN_EMPTY_BODY = YES;
				CLANG_WARN_ENUM_CONVERSION = YES;
				CLANG_WARN_INT_CONVERSION = YES;
				CLANG_WARN_OBJC_ROOT_CLASS = YES_ERROR;
				CLANG_WARN_UNREACHABLE_CODE = YES;
				CLANG_WARN__DUPLICATE_METHOD_MATCH = YES;
				"CODE_SIGN_IDENTITY[sdk=iphoneos*]" = "iPhone Developer";
				COPY_PHASE_STRIP = YES;
				ENABLE_NS_ASSERTIONS = NO;
				ENABLE_STRICT_OBJC_MSGSEND = YES;
				GCC_C_LANGUAGE_STANDARD = gnu99;
				GCC_WARN_64_TO_32_BIT_CONVERSION = YES;
				GCC_WARN_ABOUT_RETURN_TYPE = YES_ERROR;
				GCC_WARN_UNDECLARED_SELECTOR = YES;
				GCC_WARN_UNINITIALIZED_AUTOS = YES_AGGRESSIVE;
				GCC_WARN_UNUSED_FUNCTION = YES;
				GCC_WARN_UNUSED_VARIABLE = YES;
				IPHONEOS_DEPLOYMENT_TARGET = 8.0;
				MTL_ENABLE_DEBUG_INFO = NO;
				SDKROOT = iphoneos;
				VALIDATE_PRODUCT = YES;
			};
			name = Release;
		};
		47336F3F19D2052500588275 /* Debug */ = {
			isa = XCBuildConfiguration;
			buildSettings = {
				ASSETCATALOG_COMPILER_APPICON_NAME = AppIcon;
				INFOPLIST_FILE = "Fun Facts/Info.plist";
				LD_RUNPATH_SEARCH_PATHS = "$(inherited) @executable_path/Frameworks";
				PRODUCT_NAME = "$(TARGET_NAME)";
			};
			name = Debug;
		};
		47336F4019D2052500588275 /* Release */ = {
			isa = XCBuildConfiguration;
			buildSettings = {
				ASSETCATALOG_COMPILER_APPICON_NAME = AppIcon;
				INFOPLIST_FILE = "Fun Facts/Info.plist";
				LD_RUNPATH_SEARCH_PATHS = "$(inherited) @executable_path/Frameworks";
				PRODUCT_NAME = "$(TARGET_NAME)";
			};
			name = Release;
		};
		47336F4219D2052500588275 /* Debug */ = {
			isa = XCBuildConfiguration;
			buildSettings = {
				BUNDLE_LOADER = "$(TEST_HOST)";
				FRAMEWORK_SEARCH_PATHS = (
					"$(SDKROOT)/Developer/Library/Frameworks",
					"$(inherited)",
				);
				GCC_PREPROCESSOR_DEFINITIONS = (
					"DEBUG=1",
					"$(inherited)",
				);
				INFOPLIST_FILE = "Fun FactsTests/Info.plist";
				LD_RUNPATH_SEARCH_PATHS = "$(inherited) @executable_path/Frameworks @loader_path/Frameworks";
				PRODUCT_NAME = "$(TARGET_NAME)";
				TEST_HOST = "$(BUILT_PRODUCTS_DIR)/Fun Facts.app/Fun Facts";
			};
			name = Debug;
		};
		47336F4319D2052500588275 /* Release */ = {
			isa = XCBuildConfiguration;
			buildSettings = {
				BUNDLE_LOADER = "$(TEST_HOST)";
				FRAMEWORK_SEARCH_PATHS = (
					"$(SDKROOT)/Developer/Library/Frameworks",
					"$(inherited)",
				);
				INFOPLIST_FILE = "Fun FactsTests/Info.plist";
				LD_RUNPATH_SEARCH_PATHS = "$(inherited) @executable_path/Frameworks @loader_path/Frameworks";
				PRODUCT_NAME = "$(TARGET_NAME)";
				TEST_HOST = "$(BUILT_PRODUCTS_DIR)/Fun Facts.app/Fun Facts";
			};
			name = Release;
		};
/* End XCBuildConfiguration section */

/* Begin XCConfigurationList section */
		47336F1A19D2052500588275 /* Build configuration list for PBXProject "Fun Facts" */ = {
			isa = XCConfigurationList;
			buildConfigurations = (
				47336F3C19D2052500588275 /* Debug */,
				47336F3D19D2052500588275 /* Release */,
			);
			defaultConfigurationIsVisible = 0;
			defaultConfigurationName = Release;
		};
		47336F3E19D2052500588275 /* Build configuration list for PBXNativeTarget "Fun Facts" */ = {
			isa = XCConfigurationList;
			buildConfigurations = (
				47336F3F19D2052500588275 /* Debug */,
				47336F4019D2052500588275 /* Release */,
			);
			defaultConfigurationIsVisible = 0;
		};
		47336F4119D2052500588275 /* Build configuration list for PBXNativeTarget "Fun FactsTests" */ = {
			isa = XCConfigurationList;
			buildConfigurations = (
				47336F4219D2052500588275 /* Debug */,
				47336F4319D2052500588275 /* Release */,
			);
			defaultConfigurationIsVisible = 0;
		};
/* End XCConfigurationList section */
	};
	rootObject = 47336F1719D2052500588275 /* Project object */;
}
